
Microsoft Visual Studio Solution File, Format Version 12.00
# Visual Studio Version 17
VisualStudioVersion = 17.3.32929.385
MinimumVisualStudioVersion = 10.0.40219.1
Project("{3F9056F1-9C79-455B-976C-740F30C60B22}") = "SparkAudio", "SparkAudio\SparkAudio.vcxproj", "{155E56BB-0329-4862-A038-DD145A07BDC9}"
EndProject
Global
	GlobalSection(SolutionConfigurationPlatforms) = preSolution
		Debug|x64 = Debug|x64
		Debug|x86 = Debug|x86
		Debug|ARM64 = Debug|ARM64
		Release|x64 = Release|x64
		Release|x86 = Release|x86
		Release|ARM64 = Release|ARM64
	EndGlobalSection
	GlobalSection(ProjectConfigurationPlatforms) = postSolution
		{155E56BB-0329-4862-A038-DD145A07BDC9}.Debug|x64.ActiveCfg = Debug|x64
		{155E56BB-0329-4862-A038-DD145A07BDC9}.Debug|x64.Build.0 = Debug|x64
		{155E56BB-0329-4862-A038-DD145A07BDC9}.Debug|x64.Deploy.0 = Debug|x64
		{155E56BB-0329-4862-A038-DD145A07BDC9}.Debug|x86.ActiveCfg = Debug|Win32
		{155E56BB-0329-4862-A038-DD145A07BDC9}.Debug|x86.Build.0 = Debug|Win32
		{155E56BB-0329-4862-A038-DD145A07BDC9}.Debug|x86.Deploy.0 = Debug|Win32
		{155E56BB-0329-4862-A038-DD145A07BDC9}.Debug|ARM64.ActiveCfg = Debug|ARM64
		{155E56BB-0329-4862-A038-DD145A07BDC9}.Debug|ARM64.Build.0 = Debug|ARM64
		{155E56BB-0329-4862-A038-DD145A07BDC9}.Debug|ARM64.Deploy.0 = Debug|ARM64
		{155E56BB-0329-4862-A038-DD145A07BDC9}.Release|x64.ActiveCfg = Release|x64
		{155E56BB-0329-4862-A038-DD145A07BDC9}.Release|x64.Build.0 = Release|x64
		{155E56BB-0329-4862-A038-DD145A07BDC9}.Release|x64.Deploy.0 = Release|x64
		{155E56BB-0329-4862-A038-DD145A07BDC9}.Release|x86.ActiveCfg = Release|Win32
		{155E56BB-0329-4862-A038-DD145A07BDC9}.Release|x86.Build.0 = Release|Win32
		{155E56BB-0329-4862-A038-DD145A07BDC9}.Release|x86.Deploy.0 = Release|Win32
		{155E56BB-0329-4862-A038-DD145A07BDC9}.Release|ARM64.ActiveCfg = Release|ARM64
		{155E56BB-0329-4862-A038-DD145A07BDC9}.Release|ARM64.Build.0 = Release|ARM64
		{155E56BB-0329-4862-A038-DD145A07BDC9}.Release|ARM64.Deploy.0 = Release|ARM64
	EndGlobalSection
	GlobalSection(SolutionProperties) = preSolution
		HideSolutionNode = FALSE
	EndGlobalSection
	GlobalSection(ExtensibilityGlobals) = postSolution
		SolutionGuid = {453279D0-B201-4C21-BDE6-399EF6154BCA}
	EndGlobalSection
EndGlobal
